// !$*UTF8*$!
{
	archiveVersion = 1;
	classes = {
	};
	objectVersion = 46;
	objects = {

/* Begin PBXBuildFile section */
		2826727C2426E2D300D085CA /* QuickstartChatManager.m in Sources */ = {isa = PBXBuildFile; fileRef = 2826727B2426E2D300D085CA /* QuickstartChatManager.m */; };
		286173351DEDDD5A00247541 /* main.m in Sources */ = {isa = PBXBuildFile; fileRef = 286173341DEDDD5A00247541 /* main.m */; };
		286173381DEDDD5A00247541 /* AppDelegate.m in Sources */ = {isa = PBXBuildFile; fileRef = 286173371DEDDD5A00247541 /* AppDelegate.m */; };
		2861733B1DEDDD5A00247541 /* ViewController.m in Sources */ = {isa = PBXBuildFile; fileRef = 2861733A1DEDDD5A00247541 /* ViewController.m */; };
		2861733E1DEDDD5A00247541 /* Main.storyboard in Resources */ = {isa = PBXBuildFile; fileRef = 2861733C1DEDDD5A00247541 /* Main.storyboard */; };
		286173401DEDDD5A00247541 /* Assets.xcassets in Resources */ = {isa = PBXBuildFile; fileRef = 2861733F1DEDDD5A00247541 /* Assets.xcassets */; };
		286173431DEDDD5A00247541 /* LaunchScreen.storyboard in Resources */ = {isa = PBXBuildFile; fileRef = 286173411DEDDD5A00247541 /* LaunchScreen.storyboard */; };
/* End PBXBuildFile section */

/* Begin PBXFileReference section */
		2823FC6E2458B432004C2A40 /* ChatConstants.h */ = {isa = PBXFileReference; lastKnownFileType = sourcecode.c.h; path = ChatConstants.h; sourceTree = "<group>"; };
		2826727A2426E2D300D085CA /* QuickstartChatManager.h */ = {isa = PBXFileReference; lastKnownFileType = sourcecode.c.h; path = QuickstartChatManager.h; sourceTree = "<group>"; };
		2826727B2426E2D300D085CA /* QuickstartChatManager.m */ = {isa = PBXFileReference; lastKnownFileType = sourcecode.c.objc; path = QuickstartChatManager.m; sourceTree = "<group>"; };
		286173301DEDDD5A00247541 /* ChatQuickstart.app */ = {isa = PBXFileReference; explicitFileType = wrapper.application; includeInIndex = 0; path = ChatQuickstart.app; sourceTree = BUILT_PRODUCTS_DIR; };
		286173341DEDDD5A00247541 /* main.m */ = {isa = PBXFileReference; lastKnownFileType = sourcecode.c.objc; path = main.m; sourceTree = "<group>"; };
		286173361DEDDD5A00247541 /* AppDelegate.h */ = {isa = PBXFileReference; lastKnownFileType = sourcecode.c.h; path = AppDelegate.h; sourceTree = "<group>"; };
		286173371DEDDD5A00247541 /* AppDelegate.m */ = {isa = PBXFileReference; lastKnownFileType = sourcecode.c.objc; path = AppDelegate.m; sourceTree = "<group>"; };
		286173391DEDDD5A00247541 /* ViewController.h */ = {isa = PBXFileReference; lastKnownFileType = sourcecode.c.h; path = ViewController.h; sourceTree = "<group>"; };
		2861733A1DEDDD5A00247541 /* ViewController.m */ = {isa = PBXFileReference; lastKnownFileType = sourcecode.c.objc; path = ViewController.m; sourceTree = "<group>"; };
		2861733D1DEDDD5A00247541 /* Base */ = {isa = PBXFileReference; lastKnownFileType = file.storyboard; name = Base; path = Base.lproj/Main.storyboard; sourceTree = "<group>"; };
		2861733F1DEDDD5A00247541 /* Assets.xcassets */ = {isa = PBXFileReference; lastKnownFileType = folder.assetcatalog; path = Assets.xcassets; sourceTree = "<group>"; };
		286173421DEDDD5A00247541 /* Base */ = {isa = PBXFileReference; lastKnownFileType = file.storyboard; name = Base; path = Base.lproj/LaunchScreen.storyboard; sourceTree = "<group>"; };
		286173441DEDDD5A00247541 /* Info.plist */ = {isa = PBXFileReference; lastKnownFileType = text.plist.xml; path = Info.plist; sourceTree = "<group>"; };
/* End PBXFileReference section */

/* Begin PBXFrameworksBuildPhase section */
		2861732D1DEDDD5A00247541 /* Frameworks */ = {
			isa = PBXFrameworksBuildPhase;
			buildActionMask = 2147483647;
			files = (
			);
			runOnlyForDeploymentPostprocessing = 0;
		};
/* End PBXFrameworksBuildPhase section */

/* Begin PBXGroup section */
		095A68BBC6CB5B64CF441388 /* Pods */ = {
			isa = PBXGroup;
			children = (
			);
			path = Pods;
			sourceTree = "<group>";
		};
		286173271DEDDD5A00247541 = {
			isa = PBXGroup;
			children = (
				286173321DEDDD5A00247541 /* ChatQuickstart */,
				286173311DEDDD5A00247541 /* Products */,
				095A68BBC6CB5B64CF441388 /* Pods */,
			);
			sourceTree = "<group>";
		};
		286173311DEDDD5A00247541 /* Products */ = {
			isa = PBXGroup;
			children = (
				286173301DEDDD5A00247541 /* ChatQuickstart.app */,
			);
			name = Products;
			sourceTree = "<group>";
		};
		286173321DEDDD5A00247541 /* ChatQuickstart */ = {
			isa = PBXGroup;
			children = (
				286173361DEDDD5A00247541 /* AppDelegate.h */,
				286173371DEDDD5A00247541 /* AppDelegate.m */,
				286173391DEDDD5A00247541 /* ViewController.h */,
				2861733A1DEDDD5A00247541 /* ViewController.m */,
				2861733C1DEDDD5A00247541 /* Main.storyboard */,
				2861733F1DEDDD5A00247541 /* Assets.xcassets */,
				286173411DEDDD5A00247541 /* LaunchScreen.storyboard */,
				286173441DEDDD5A00247541 /* Info.plist */,
				286173331DEDDD5A00247541 /* Supporting Files */,
				2826727A2426E2D300D085CA /* QuickstartChatManager.h */,
				2826727B2426E2D300D085CA /* QuickstartChatManager.m */,
				2823FC6E2458B432004C2A40 /* ChatConstants.h */,
			);
			path = ChatQuickstart;
			sourceTree = "<group>";
		};
		286173331DEDDD5A00247541 /* Supporting Files */ = {
			isa = PBXGroup;
			children = (
				286173341DEDDD5A00247541 /* main.m */,
			);
			name = "Supporting Files";
			sourceTree = "<group>";
		};
/* End PBXGroup section */

/* Begin PBXNativeTarget section */
		2861732F1DEDDD5A00247541 /* ChatQuickstart */ = {
			isa = PBXNativeTarget;
			buildConfigurationList = 286173471DEDDD5A00247541 /* Build configuration list for PBXNativeTarget "ChatQuickstart" */;
			buildPhases = (
				2861732C1DEDDD5A00247541 /* Sources */,
				2861732D1DEDDD5A00247541 /* Frameworks */,
				2861732E1DEDDD5A00247541 /* Resources */,
			);
			buildRules = (
			);
			dependencies = (
			);
			name = ChatQuickstart;
			productName = ChatQuickstart;
			productReference = 286173301DEDDD5A00247541 /* ChatQuickstart.app */;
			productType = "com.apple.product-type.application";
		};
/* End PBXNativeTarget section */

/* Begin PBXProject section */
		286173281DEDDD5A00247541 /* Project object */ = {
			isa = PBXProject;
			attributes = {
				LastUpgradeCheck = 0810;
				ORGANIZATIONNAME = "Twilio, Inc.";
				TargetAttributes = {
					2861732F1DEDDD5A00247541 = {
						CreatedOnToolsVersion = 8.1;
						ProvisioningStyle = Automatic;
					};
				};
			};
			buildConfigurationList = 2861732B1DEDDD5A00247541 /* Build configuration list for PBXProject "ChatQuickstart" */;
			compatibilityVersion = "Xcode 3.2";
			developmentRegion = English;
			hasScannedForEncodings = 0;
			knownRegions = (
				English,
				en,
				Base,
			);
			mainGroup = 286173271DEDDD5A00247541;
			productRefGroup = 286173311DEDDD5A00247541 /* Products */;
			projectDirPath = "";
			projectRoot = "";
			targets = (
				2861732F1DEDDD5A00247541 /* ChatQuickstart */,
			);
		};
/* End PBXProject section */

/* Begin PBXResourcesBuildPhase section */
		2861732E1DEDDD5A00247541 /* Resources */ = {
			isa = PBXResourcesBuildPhase;
			buildActionMask = 2147483647;
			files = (
				286173431DEDDD5A00247541 /* LaunchScreen.storyboard in Resources */,
				286173401DEDDD5A00247541 /* Assets.xcassets in Resources */,
				2861733E1DEDDD5A00247541 /* Main.storyboard in Resources */,
			);
			runOnlyForDeploymentPostprocessing = 0;
		};
/* End PBXResourcesBuildPhase section */

/* Begin PBXSourcesBuildPhase section */
		2861732C1DEDDD5A00247541 /* Sources */ = {
			isa = PBXSourcesBuildPhase;
			buildActionMask = 2147483647;
			files = (
				2826727C2426E2D300D085CA /* QuickstartChatManager.m in Sources */,
				2861733B1DEDDD5A00247541 /* ViewController.m in Sources */,
				286173381DEDDD5A00247541 /* AppDelegate.m in Sources */,
				286173351DEDDD5A00247541 /* main.m in Sources */,
			);
			runOnlyForDeploymentPostprocessing = 0;
		};
/* End PBXSourcesBuildPhase section */

/* Begin PBXVariantGroup section */
		2861733C1DEDDD5A00247541 /* Main.storyboard */ = {
			isa = PBXVariantGroup;
			children = (
				2861733D1DEDDD5A00247541 /* Base */,
			);
			name = Main.storyboard;
			sourceTree = "<group>";
		};
		286173411DEDDD5A00247541 /* LaunchScreen.storyboard */ = {
			isa = PBXVariantGroup;
			children = (
				286173421DEDDD5A00247541 /* Base */,
			);
			name = LaunchScreen.storyboard;
			sourceTree = "<group>";
		};
/* End PBXVariantGroup section */

/* Begin XCBuildConfiguration section */
		286173451DEDDD5A00247541 /* Debug */ = {
			isa = XCBuildConfiguration;
			buildSettings = {
				ALWAYS_SEARCH_USER_PATHS = NO;
				CLANG_ANALYZER_NONNULL = YES;
				CLANG_CXX_LANGUAGE_STANDARD = "gnu++0x";
				CLANG_CXX_LIBRARY = "libc++";
				CLANG_ENABLE_MODULES = YES;
				CLANG_ENABLE_OBJC_ARC = YES;
				CLANG_WARN_BOOL_CONVERSION = YES;
				CLANG_WARN_CONSTANT_CONVERSION = YES;
				CLANG_WARN_DIRECT_OBJC_ISA_USAGE = YES_ERROR;
				CLANG_WARN_DOCUMENTATION_COMMENTS = YES;
				CLANG_WARN_EMPTY_BODY = YES;
				CLANG_WARN_ENUM_CONVERSION = YES;
				CLANG_WARN_INFINITE_RECURSION = YES;
				CLANG_WARN_INT_CONVERSION = YES;
				CLANG_WARN_OBJC_ROOT_CLASS = YES_ERROR;
				CLANG_WARN_SUSPICIOUS_MOVES = YES;
				CLANG_WARN_UNREACHABLE_CODE = YES;
				CLANG_WARN__DUPLICATE_METHOD_MATCH = YES;
				"CODE_SIGN_IDENTITY[sdk=iphoneos*]" = "iPhone Developer";
				COPY_PHASE_STRIP = NO;
				DEBUG_INFORMATION_FORMAT = dwarf;
				ENABLE_STRICT_OBJC_MSGSEND = YES;
				ENABLE_TESTABILITY = YES;
				GCC_C_LANGUAGE_STANDARD = gnu99;
				GCC_DYNAMIC_NO_PIC = NO;
				GCC_NO_COMMON_BLOCKS = YES;
				GCC_OPTIMIZATION_LEVEL = 0;
				GCC_PREPROCESSOR_DEFINITIONS = (
					"DEBUG=1",
					"$(inherited)",
				);
				GCC_WARN_64_TO_32_BIT_CONVERSION = YES;
				GCC_WARN_ABOUT_RETURN_TYPE = YES_ERROR;
				GCC_WARN_UNDECLARED_SELECTOR = YES;
				GCC_WARN_UNINITIALIZED_AUTOS = YES_AGGRESSIVE;
				GCC_WARN_UNUSED_FUNCTION = YES;
				GCC_WARN_UNUSED_VARIABLE = YES;
				IPHONEOS_DEPLOYMENT_TARGET = 10.1;
				MTL_ENABLE_DEBUG_INFO = YES;
				ONLY_ACTIVE_ARCH = YES;
				SDKROOT = iphoneos;
				TARGETED_DEVICE_FAMILY = "1,2";
			};
			name = Debug;
		};
		286173461DEDDD5A00247541 /* Release */ = {
			isa = XCBuildConfiguration;
			buildSettings = {
				ALWAYS_SEARCH_USER_PATHS = NO;
				CLANG_ANALYZER_NONNULL = YES;
				CLANG_CXX_LANGUAGE_STANDARD = "gnu++0x";
				CLANG_CXX_LIBRARY = "libc++";
				CLANG_ENABLE_MODULES = YES;
				CLANG_ENABLE_OBJC_ARC = YES;
				CLANG_WARN_BOOL_CONVERSION = YES;
				CLANG_WARN_CONSTANT_CONVERSION = YES;
				CLANG_WARN_DIRECT_OBJC_ISA_USAGE = YES_ERROR;
				CLANG_WARN_DOCUMENTATION_COMMENTS = YES;
				CLANG_WARN_EMPTY_BODY = YES;
				CLANG_WARN_ENUM_CONVERSION = YES;
				CLANG_WARN_INFINITE_RECURSION = YES;
				CLANG_WARN_INT_CONVERSION = YES;
				CLANG_WARN_OBJC_ROOT_CLASS = YES_ERROR;
				CLANG_WARN_SUSPICIOUS_MOVES = YES;
				CLANG_WARN_UNREACHABLE_CODE = YES;
				CLANG_WARN__DUPLICATE_METHOD_MATCH = YES;
				"CODE_SIGN_IDENTITY[sdk=iphoneos*]" = "iPhone Developer";
				COPY_PHASE_STRIP = NO;
				DEBUG_INFORMATION_FORMAT = "dwarf-with-dsym";
				ENABLE_NS_ASSERTIONS = NO;
				ENABLE_STRICT_OBJC_MSGSEND = YES;
				GCC_C_LANGUAGE_STANDARD = gnu99;
				GCC_NO_COMMON_BLOCKS = YES;
				GCC_WARN_64_TO_32_BIT_CONVERSION = YES;
				GCC_WARN_ABOUT_RETURN_TYPE = YES_ERROR;
				GCC_WARN_UNDECLARED_SELECTOR = YES;
				GCC_WARN_UNINITIALIZED_AUTOS = YES_AGGRESSIVE;
				GCC_WARN_UNUSED_FUNCTION = YES;
				GCC_WARN_UNUSED_VARIABLE = YES;
				IPHONEOS_DEPLOYMENT_TARGET = 10.1;
				MTL_ENABLE_DEBUG_INFO = NO;
				SDKROOT = iphoneos;
				TARGETED_DEVICE_FAMILY = "1,2";
				VALIDATE_PRODUCT = YES;
			};
			name = Release;
		};
		286173481DEDDD5A00247541 /* Debug */ = {
			isa = XCBuildConfiguration;
			buildSettings = {
				ASSETCATALOG_COMPILER_APPICON_NAME = AppIcon;
				INFOPLIST_FILE = ChatQuickstart/Info.plist;
				LD_RUNPATH_SEARCH_PATHS = "$(inherited) @executable_path/Frameworks";
				PRODUCT_BUNDLE_IDENTIFIER = com.twilio.ChatQuickstart;
				PRODUCT_NAME = "$(TARGET_NAME)";
			};
			name = Debug;
		};
		286173491DEDDD5A00247541 /* Release */ = {
			isa = XCBuildConfiguration;
			buildSettings = {
				ASSETCATALOG_COMPILER_APPICON_NAME = AppIcon;
				INFOPLIST_FILE = ChatQuickstart/Info.plist;
				LD_RUNPATH_SEARCH_PATHS = "$(inherited) @executable_path/Frameworks";
				PRODUCT_BUNDLE_IDENTIFIER = com.twilio.ChatQuickstart;
				PRODUCT_NAME = "$(TARGET_NAME)";
			};
			name = Release;
		};
/* End XCBuildConfiguration section */

/* Begin XCConfigurationList section */
		2861732B1DEDDD5A00247541 /* Build configuration list for PBXProject "ChatQuickstart" */ = {
			isa = XCConfigurationList;
			buildConfigurations = (
				286173451DEDDD5A00247541 /* Debug */,
				286173461DEDDD5A00247541 /* Release */,
			);
			defaultConfigurationIsVisible = 0;
			defaultConfigurationName = Release;
		};
		286173471DEDDD5A00247541 /* Build configuration list for PBXNativeTarget "ChatQuickstart" */ = {
			isa = XCConfigurationList;
			buildConfigurations = (
				286173481DEDDD5A00247541 /* Debug */,
				286173491DEDDD5A00247541 /* Release */,
			);
			defaultConfigurationIsVisible = 0;
			defaultConfigurationName = Release;
		};
/* End XCConfigurationList section */
	};
	rootObject = 286173281DEDDD5A00247541 /* Project object */;
}
